
Microsoft Visual Studio Solution File, Format Version 12.00
# Visual Studio Version 17
VisualStudioVersion = 17.2.32526.322
MinimumVisualStudioVersion = 10.0.40219.1
Project("{FAE04EC0-301F-11D3-BF4B-00C04F79EFBC}") = "BooksAuthor", "BooksAuthor\BooksAuthor.csproj", "{1E5B87F9-2A39-440E-9970-27024521A942}"
EndProject
Global
	GlobalSection(SolutionConfigurationPlatforms) = preSolution
		Debug|Any CPU = Debug|Any CPU
		Release|Any CPU = Release|Any CPU
	EndGlobalSection
	GlobalSection(ProjectConfigurationPlatforms) = postSolution
		{1E5B87F9-2A39-440E-9970-27024521A942}.Debug|Any CPU.ActiveCfg = Debug|Any CPU
		{1E5B87F9-2A39-440E-9970-27024521A942}.Debug|Any CPU.Build.0 = Debug|Any CPU
		{1E5B87F9-2A39-440E-9970-27024521A942}.Release|Any CPU.ActiveCfg = Release|Any CPU
		{1E5B87F9-2A39-440E-9970-27024521A942}.Release|Any CPU.Build.0 = Release|Any CPU
	EndGlobalSection
	GlobalSection(SolutionProperties) = preSolution
		HideSolutionNode = FALSE
	EndGlobalSection
	GlobalSection(ExtensibilityGlobals) = postSolution
		SolutionGuid = {3BBB1AF1-08BA-4CF5-A63C-5A1889C63578}
	EndGlobalSection
EndGlobal
